
Microsoft Visual Studio Solution File, Format Version 12.00
Project("{FAE04EC0-301F-11D3-BF4B-00C04F79EFBC}") = "net-sock", "net-sock\net-sock.csproj", "{F52DFA30-4D65-40F2-98A6-2766F7F46AD7}"
EndProject
Global
	GlobalSection(SolutionConfigurationPlatforms) = preSolution
		Debug|Any CPU = Debug|Any CPU
		Release|Any CPU = Release|Any CPU
	EndGlobalSection
	GlobalSection(ProjectConfigurationPlatforms) = postSolution
		{F52DFA30-4D65-40F2-98A6-2766F7F46AD7}.Debug|Any CPU.ActiveCfg = Debug|Any CPU
		{F52DFA30-4D65-40F2-98A6-2766F7F46AD7}.Debug|Any CPU.Build.0 = Debug|Any CPU
		{F52DFA30-4D65-40F2-98A6-2766F7F46AD7}.Release|Any CPU.ActiveCfg = Release|Any CPU
		{F52DFA30-4D65-40F2-98A6-2766F7F46AD7}.Release|Any CPU.Build.0 = Release|Any CPU
	EndGlobalSection
EndGlobal
